
Microsoft Visual Studio Solution File, Format Version 12.00
# Visual Studio 15
VisualStudioVersion = 15.0.28010.2041
MinimumVisualStudioVersion = 10.0.40219.1
Project("{8BC9CEB8-8B4A-11D0-8D11-00A0C91BC942}") = "Extract_FFMPEG", "Extract_FFMPEG\Extract_FFMPEG.vcxproj", "{745DA5F4-C0AF-4F18-B7E5-38AF5FE59E43}"
EndProject
Global
	GlobalSection(SolutionConfigurationPlatforms) = preSolution
		Debug|x64 = Debug|x64
		Debug|x86 = Debug|x86
		Release|x64 = Release|x64
		Release|x86 = Release|x86
	EndGlobalSection
	GlobalSection(ProjectConfigurationPlatforms) = postSolution
		{745DA5F4-C0AF-4F18-B7E5-38AF5FE59E43}.Debug|x64.ActiveCfg = Debug|x64
		{745DA5F4-C0AF-4F18-B7E5-38AF5FE59E43}.Debug|x64.Build.0 = Debug|x64
		{745DA5F4-C0AF-4F18-B7E5-38AF5FE59E43}.Debug|x86.ActiveCfg = Debug|Win32
		{745DA5F4-C0AF-4F18-B7E5-38AF5FE59E43}.Debug|x86.Build.0 = Debug|Win32
		{745DA5F4-C0AF-4F18-B7E5-38AF5FE59E43}.Release|x64.ActiveCfg = Release|x64
		{745DA5F4-C0AF-4F18-B7E5-38AF5FE59E43}.Release|x64.Build.0 = Release|x64
		{745DA5F4-C0AF-4F18-B7E5-38AF5FE59E43}.Release|x86.ActiveCfg = Release|Win32
		{745DA5F4-C0AF-4F18-B7E5-38AF5FE59E43}.Release|x86.Build.0 = Release|Win32
	EndGlobalSection
	GlobalSection(SolutionProperties) = preSolution
		HideSolutionNode = FALSE
	EndGlobalSection
	GlobalSection(ExtensibilityGlobals) = postSolution
		SolutionGuid = {B0300EB7-A1A8-43C2-BB28-89D8F0B90284}
	EndGlobalSection
EndGlobal
